<Solution>
  <Folder Name="/src/">
    <Project Path="src/HIM.Gateway/HIM.Gateway.csproj" />
    <Project Path="src/HIM.AiService/HIM.AiService.csproj" />
  </Folder>
  <Folder Name="/tests/">
    <Project Path="tests/HIM.AiService.Tests/HIM.AiService.Tests.csproj" />
    <Project Path="tests/HIM.Gateway.Tests/HIM.Gateway.Tests.csproj" />
  </Folder>
</Solution>
