<Solution>
  <Folder Name="/HIM.Microservices/">
    <Project Path="HIM.Microservices/HIM.AiService/HIM.AiService.csproj" />
    <Project Path="HIM.Microservices/HIM.Shared/HIM.Shared.csproj" />
  </Folder>
  <Folder Name="/tests/">
    <Project Path="tests/HIM.AiService.Tests/HIM.AiService.Tests.csproj" />
  </Folder>
  <Project Path="HIM.Gateway/HIM.Gateway.csproj" />
</Solution>
